{
  "version": 4,
  "terraform_version": "1.9.3",
  "serial": 550,
  "lineage": "4bef630b-a34d-b979-044e-84e820faa7c4",
  "outputs": {
    "ssh_commands": {
      "value": [
        "ssh adminuser@172.213.152.202",
        "ssh adminuser@172.213.152.182"
      ],
      "type": [
        "tuple",
        [
          "string",
          "string"
        ]
      ]
    }
  },
  "resources": [
    {
      "mode": "managed",
      "type": "azurerm_linux_virtual_machine",
      "name": "vm",
      "provider": "provider[\"registry.terraform.io/hashicorp/azurerm\"]",
      "instances": [
        {
          "index_key": 0,
          "schema_version": 0,
          "attributes": {
            "additional_capabilities": [],
            "admin_password": null,
            "admin_ssh_key": [
              {
                "public_key": "ssh-rsa AAAAB3NzaC1yc2EAAAADAQABAAACAQCnlFD7RcH858IFRoKYvzpqmwS38d0gPpC/W92QZn0fz8URVSOablmrBuwxmGCZpSebTlfwMNt1Ui8dOtaun3sDUZ7SCnaBYAmfAKf+3PsGsyEfr6DtNX8dnUPtftWPc424nVw1crNQB5ZgJcM/gBTwCSYvvnSG/dFx3UlQKUqdpbloLOx3k3Xf1tngFkf+pUTQG6/Ynwjy8TbxR9bt/a4LXpQNgWfG67hYEANGX5e8k1ZCXy4nLyLqucji0JDVqta7KZWQ8lgjMIcPFV/XnZIjigMOMebTT/ZP3blrOII9s2xLYL5bDe4dquMrhvt+9EWicb1711ndm2RpDMO2ZwpO6vBP2wTha5WHPM0glN6GH9AZJZbaR9FPnMj4TL0Hl2LFv/8fo2xwSpoE0m5Ace7Mfe7sNW7Y96rsvVGS7rrL5Fk9jSv5GOb+yRRqQ1jGPB48BRjx6hKgeht7txjn3t30YHUm02tEm99+gvSBgUgv+NCLKhxGCEocCLhabnevd7ydQBRc3a+RcIJgkO6Wv5t7zkMsMQYbIIKLZvXwum1FsuN2HY1gxYWtz7bZTZus/9RZYSjcujINbZ4IGYndMfmmhom+CzmQ+KZgVjqQH4SgkzaiIid/4RTFyBVEjpqb/s+Vw0USP9GaDzpATKCY2Q/YeKOlnO6qtMwgsgQ1qkMKxQ== aziiz@aziiz-VirtualBox\n",
                "username": "adminuser"
              }
            ],
            "admin_username": "adminuser",
            "allow_extension_operations": true,
            "availability_set_id": "",
            "boot_diagnostics": [],
            "bypass_platform_safety_checks_on_user_schedule_enabled": false,
            "capacity_reservation_group_id": "",
            "computer_name": "k8s-cluster-vm1",
            "custom_data": null,
            "dedicated_host_group_id": "",
            "dedicated_host_id": "",
            "disable_password_authentication": true,
            "disk_controller_type": "",
            "edge_zone": "",
            "encryption_at_host_enabled": false,
            "eviction_policy": "",
            "extensions_time_budget": "PT1H30M",
            "gallery_application": [],
            "id": "/subscriptions/17f88bde-aca3-44d6-8b40-34800034bd33/resourceGroups/k8s-cluster-rg/providers/Microsoft.Compute/virtualMachines/k8s-cluster-vm1",
            "identity": [],
            "license_type": "",
            "location": "italynorth",
            "max_bid_price": -1,
            "name": "k8s-cluster-vm1",
            "network_interface_ids": [
              "/subscriptions/17f88bde-aca3-44d6-8b40-34800034bd33/resourceGroups/k8s-cluster-rg/providers/Microsoft.Network/networkInterfaces/k8s-cluster-nic-vm1"
            ],
            "os_disk": [
              {
                "caching": "ReadWrite",
                "diff_disk_settings": [],
                "disk_encryption_set_id": "",
                "disk_size_gb": 30,
                "name": "k8s-cluster-osdisk-1",
                "secure_vm_disk_encryption_set_id": "",
                "security_encryption_type": "",
                "storage_account_type": "Standard_LRS",
                "write_accelerator_enabled": false
              }
            ],
            "os_image_notification": [],
            "patch_assessment_mode": "ImageDefault",
            "patch_mode": "ImageDefault",
            "plan": [],
            "platform_fault_domain": -1,
            "priority": "Regular",
            "private_ip_address": "10.0.1.5",
            "private_ip_addresses": [
              "10.0.1.5"
            ],
            "provision_vm_agent": true,
            "proximity_placement_group_id": "",
            "public_ip_address": "172.213.152.202",
            "public_ip_addresses": [
              "172.213.152.202"
            ],
            "reboot_setting": "",
            "resource_group_name": "k8s-cluster-rg",
            "secret": [],
            "secure_boot_enabled": false,
            "size": "Standard_B2s",
            "source_image_id": "",
            "source_image_reference": [
              {
                "offer": "0001-com-ubuntu-server-jammy",
                "publisher": "Canonical",
                "sku": "22_04-lts",
                "version": "latest"
              }
            ],
            "tags": null,
            "termination_notification": null,
            "timeouts": null,
            "user_data": "",
            "virtual_machine_id": "88b25e40-bf01-4462-8cc5-23f2e375e15b",
            "virtual_machine_scale_set_id": "",
            "vm_agent_platform_updates_enabled": false,
            "vtpm_enabled": false,
            "zone": ""
          },
          "sensitive_attributes": [
            [
              {
                "type": "get_attr",
                "value": "admin_password"
              }
            ],
            [
              {
                "type": "get_attr",
                "value": "custom_data"
              }
            ]
          ],
          "private": "eyJlMmJmYjczMC1lY2FhLTExZTYtOGY4OC0zNDM2M2JjN2M0YzAiOnsiY3JlYXRlIjoyNzAwMDAwMDAwMDAwLCJkZWxldGUiOjI3MDAwMDAwMDAwMDAsInJlYWQiOjMwMDAwMDAwMDAwMCwidXBkYXRlIjoyNzAwMDAwMDAwMDAwfX0=",
          "dependencies": [
            "azurerm_network_interface.nic",
            "azurerm_public_ip.vm",
            "azurerm_resource_group.main",
            "azurerm_subnet.main",
            "azurerm_virtual_network.main"
          ]
        },
        {
          "index_key": 1,
          "schema_version": 0,
          "attributes": {
            "additional_capabilities": [],
            "admin_password": null,
            "admin_ssh_key": [
              {
                "public_key": "ssh-rsa AAAAB3NzaC1yc2EAAAADAQABAAACAQCnlFD7RcH858IFRoKYvzpqmwS38d0gPpC/W92QZn0fz8URVSOablmrBuwxmGCZpSebTlfwMNt1Ui8dOtaun3sDUZ7SCnaBYAmfAKf+3PsGsyEfr6DtNX8dnUPtftWPc424nVw1crNQB5ZgJcM/gBTwCSYvvnSG/dFx3UlQKUqdpbloLOx3k3Xf1tngFkf+pUTQG6/Ynwjy8TbxR9bt/a4LXpQNgWfG67hYEANGX5e8k1ZCXy4nLyLqucji0JDVqta7KZWQ8lgjMIcPFV/XnZIjigMOMebTT/ZP3blrOII9s2xLYL5bDe4dquMrhvt+9EWicb1711ndm2RpDMO2ZwpO6vBP2wTha5WHPM0glN6GH9AZJZbaR9FPnMj4TL0Hl2LFv/8fo2xwSpoE0m5Ace7Mfe7sNW7Y96rsvVGS7rrL5Fk9jSv5GOb+yRRqQ1jGPB48BRjx6hKgeht7txjn3t30YHUm02tEm99+gvSBgUgv+NCLKhxGCEocCLhabnevd7ydQBRc3a+RcIJgkO6Wv5t7zkMsMQYbIIKLZvXwum1FsuN2HY1gxYWtz7bZTZus/9RZYSjcujINbZ4IGYndMfmmhom+CzmQ+KZgVjqQH4SgkzaiIid/4RTFyBVEjpqb/s+Vw0USP9GaDzpATKCY2Q/YeKOlnO6qtMwgsgQ1qkMKxQ== aziiz@aziiz-VirtualBox\n",
                "username": "adminuser"
              }
            ],
            "admin_username": "adminuser",
            "allow_extension_operations": true,
            "availability_set_id": "",
            "boot_diagnostics": [],
            "bypass_platform_safety_checks_on_user_schedule_enabled": false,
            "capacity_reservation_group_id": "",
            "computer_name": "k8s-cluster-vm2",
            "custom_data": null,
            "dedicated_host_group_id": "",
            "dedicated_host_id": "",
            "disable_password_authentication": true,
            "disk_controller_type": "",
            "edge_zone": "",
            "encryption_at_host_enabled": false,
            "eviction_policy": "",
            "extensions_time_budget": "PT1H30M",
            "gallery_application": [],
            "id": "/subscriptions/17f88bde-aca3-44d6-8b40-34800034bd33/resourceGroups/k8s-cluster-rg/providers/Microsoft.Compute/virtualMachines/k8s-cluster-vm2",
            "identity": [],
            "license_type": "",
            "location": "italynorth",
            "max_bid_price": -1,
            "name": "k8s-cluster-vm2",
            "network_interface_ids": [
              "/subscriptions/17f88bde-aca3-44d6-8b40-34800034bd33/resourceGroups/k8s-cluster-rg/providers/Microsoft.Network/networkInterfaces/k8s-cluster-nic-vm2"
            ],
            "os_disk": [
              {
                "caching": "ReadWrite",
                "diff_disk_settings": [],
                "disk_encryption_set_id": "",
                "disk_size_gb": 30,
                "name": "k8s-cluster-osdisk-2",
                "secure_vm_disk_encryption_set_id": "",
                "security_encryption_type": "",
                "storage_account_type": "Standard_LRS",
                "write_accelerator_enabled": false
              }
            ],
            "os_image_notification": [],
            "patch_assessment_mode": "ImageDefault",
            "patch_mode": "ImageDefault",
            "plan": [],
            "platform_fault_domain": -1,
            "priority": "Regular",
            "private_ip_address": "10.0.1.4",
            "private_ip_addresses": [
              "10.0.1.4"
            ],
            "provision_vm_agent": true,
            "proximity_placement_group_id": "",
            "public_ip_address": "172.213.152.182",
            "public_ip_addresses": [
              "172.213.152.182"
            ],
            "reboot_setting": "",
            "resource_group_name": "k8s-cluster-rg",
            "secret": [],
            "secure_boot_enabled": false,
            "size": "Standard_B2s",
            "source_image_id": "",
            "source_image_reference": [
              {
                "offer": "0001-com-ubuntu-server-jammy",
                "publisher": "Canonical",
                "sku": "22_04-lts",
                "version": "latest"
              }
            ],
            "tags": null,
            "termination_notification": null,
            "timeouts": null,
            "user_data": "",
            "virtual_machine_id": "d76cdc5a-eac2-4511-bfd5-2ce8d17a8cf4",
            "virtual_machine_scale_set_id": "",
            "vm_agent_platform_updates_enabled": false,
            "vtpm_enabled": false,
            "zone": ""
          },
          "sensitive_attributes": [
            [
              {
                "type": "get_attr",
                "value": "custom_data"
              }
            ],
            [
              {
                "type": "get_attr",
                "value": "admin_password"
              }
            ]
          ],
          "private": "eyJlMmJmYjczMC1lY2FhLTExZTYtOGY4OC0zNDM2M2JjN2M0YzAiOnsiY3JlYXRlIjoyNzAwMDAwMDAwMDAwLCJkZWxldGUiOjI3MDAwMDAwMDAwMDAsInJlYWQiOjMwMDAwMDAwMDAwMCwidXBkYXRlIjoyNzAwMDAwMDAwMDAwfX0=",
          "dependencies": [
            "azurerm_network_interface.nic",
            "azurerm_public_ip.vm",
            "azurerm_resource_group.main",
            "azurerm_subnet.main",
            "azurerm_virtual_network.main"
          ]
        }
      ]
    },
    {
      "mode": "managed",
      "type": "azurerm_network_interface",
      "name": "nic",
      "provider": "provider[\"registry.terraform.io/hashicorp/azurerm\"]",
      "instances": [
        {
          "index_key": 0,
          "schema_version": 0,
          "attributes": {
            "accelerated_networking_enabled": false,
            "applied_dns_servers": [],
            "auxiliary_mode": "",
            "auxiliary_sku": "",
            "dns_servers": [],
            "edge_zone": "",
            "enable_accelerated_networking": false,
            "enable_ip_forwarding": false,
            "id": "/subscriptions/17f88bde-aca3-44d6-8b40-34800034bd33/resourceGroups/k8s-cluster-rg/providers/Microsoft.Network/networkInterfaces/k8s-cluster-nic-vm1",
            "internal_dns_name_label": "",
            "internal_domain_name_suffix": "fumy2xcv5ulezk4lrqb2q0gnma.milx.internal.cloudapp.net",
            "ip_configuration": [
              {
                "gateway_load_balancer_frontend_ip_configuration_id": "",
                "name": "k8s-cluster-nic-config-vm1",
                "primary": true,
                "private_ip_address": "10.0.1.5",
                "private_ip_address_allocation": "Dynamic",
                "private_ip_address_version": "IPv4",
                "public_ip_address_id": "/subscriptions/17f88bde-aca3-44d6-8b40-34800034bd33/resourceGroups/k8s-cluster-rg/providers/Microsoft.Network/publicIPAddresses/k8s-cluster-public-ip-vm1",
                "subnet_id": "/subscriptions/17f88bde-aca3-44d6-8b40-34800034bd33/resourceGroups/k8s-cluster-rg/providers/Microsoft.Network/virtualNetworks/k8s-cluster-vnet/subnets/k8s-cluster-subnet"
              }
            ],
            "ip_forwarding_enabled": false,
            "location": "italynorth",
            "mac_address": "",
            "name": "k8s-cluster-nic-vm1",
            "private_ip_address": "10.0.1.5",
            "private_ip_addresses": [
              "10.0.1.5"
            ],
            "resource_group_name": "k8s-cluster-rg",
            "tags": null,
            "timeouts": null,
            "virtual_machine_id": ""
          },
          "sensitive_attributes": [],
          "private": "eyJlMmJmYjczMC1lY2FhLTExZTYtOGY4OC0zNDM2M2JjN2M0YzAiOnsiY3JlYXRlIjoxODAwMDAwMDAwMDAwLCJkZWxldGUiOjE4MDAwMDAwMDAwMDAsInJlYWQiOjMwMDAwMDAwMDAwMCwidXBkYXRlIjoxODAwMDAwMDAwMDAwfX0=",
          "dependencies": [
            "azurerm_public_ip.vm",
            "azurerm_resource_group.main",
            "azurerm_subnet.main",
            "azurerm_virtual_network.main"
          ]
        },
        {
          "index_key": 1,
          "schema_version": 0,
          "attributes": {
            "accelerated_networking_enabled": false,
            "applied_dns_servers": [],
            "auxiliary_mode": "",
            "auxiliary_sku": "",
            "dns_servers": [],
            "edge_zone": "",
            "enable_accelerated_networking": false,
            "enable_ip_forwarding": false,
            "id": "/subscriptions/17f88bde-aca3-44d6-8b40-34800034bd33/resourceGroups/k8s-cluster-rg/providers/Microsoft.Network/networkInterfaces/k8s-cluster-nic-vm2",
            "internal_dns_name_label": "",
            "internal_domain_name_suffix": "fumy2xcv5ulezk4lrqb2q0gnma.milx.internal.cloudapp.net",
            "ip_configuration": [
              {
                "gateway_load_balancer_frontend_ip_configuration_id": "",
                "name": "k8s-cluster-nic-config-vm2",
                "primary": true,
                "private_ip_address": "10.0.1.4",
                "private_ip_address_allocation": "Dynamic",
                "private_ip_address_version": "IPv4",
                "public_ip_address_id": "/subscriptions/17f88bde-aca3-44d6-8b40-34800034bd33/resourceGroups/k8s-cluster-rg/providers/Microsoft.Network/publicIPAddresses/k8s-cluster-public-ip-vm2",
                "subnet_id": "/subscriptions/17f88bde-aca3-44d6-8b40-34800034bd33/resourceGroups/k8s-cluster-rg/providers/Microsoft.Network/virtualNetworks/k8s-cluster-vnet/subnets/k8s-cluster-subnet"
              }
            ],
            "ip_forwarding_enabled": false,
            "location": "italynorth",
            "mac_address": "",
            "name": "k8s-cluster-nic-vm2",
            "private_ip_address": "10.0.1.4",
            "private_ip_addresses": [
              "10.0.1.4"
            ],
            "resource_group_name": "k8s-cluster-rg",
            "tags": null,
            "timeouts": null,
            "virtual_machine_id": ""
          },
          "sensitive_attributes": [],
          "private": "eyJlMmJmYjczMC1lY2FhLTExZTYtOGY4OC0zNDM2M2JjN2M0YzAiOnsiY3JlYXRlIjoxODAwMDAwMDAwMDAwLCJkZWxldGUiOjE4MDAwMDAwMDAwMDAsInJlYWQiOjMwMDAwMDAwMDAwMCwidXBkYXRlIjoxODAwMDAwMDAwMDAwfX0=",
          "dependencies": [
            "azurerm_public_ip.vm",
            "azurerm_resource_group.main",
            "azurerm_subnet.main",
            "azurerm_virtual_network.main"
          ]
        }
      ]
    },
    {
      "mode": "managed",
      "type": "azurerm_network_interface_security_group_association",
      "name": "nsg-nic",
      "provider": "provider[\"registry.terraform.io/hashicorp/azurerm\"]",
      "instances": [
        {
          "index_key": 0,
          "schema_version": 0,
          "attributes": {
            "id": "/subscriptions/17f88bde-aca3-44d6-8b40-34800034bd33/resourceGroups/k8s-cluster-rg/providers/Microsoft.Network/networkInterfaces/k8s-cluster-nic-vm1|/subscriptions/17f88bde-aca3-44d6-8b40-34800034bd33/resourceGroups/k8s-cluster-rg/providers/Microsoft.Network/networkSecurityGroups/k8s-cluster-nsg",
            "network_interface_id": "/subscriptions/17f88bde-aca3-44d6-8b40-34800034bd33/resourceGroups/k8s-cluster-rg/providers/Microsoft.Network/networkInterfaces/k8s-cluster-nic-vm1",
            "network_security_group_id": "/subscriptions/17f88bde-aca3-44d6-8b40-34800034bd33/resourceGroups/k8s-cluster-rg/providers/Microsoft.Network/networkSecurityGroups/k8s-cluster-nsg",
            "timeouts": null
          },
          "sensitive_attributes": [],
          "private": "eyJlMmJmYjczMC1lY2FhLTExZTYtOGY4OC0zNDM2M2JjN2M0YzAiOnsiY3JlYXRlIjoxODAwMDAwMDAwMDAwLCJkZWxldGUiOjE4MDAwMDAwMDAwMDAsInJlYWQiOjMwMDAwMDAwMDAwMH19",
          "dependencies": [
            "azurerm_network_interface.nic",
            "azurerm_network_security_group.main",
            "azurerm_public_ip.vm",
            "azurerm_resource_group.main",
            "azurerm_subnet.main",
            "azurerm_virtual_network.main"
          ]
        },
        {
          "index_key": 1,
          "schema_version": 0,
          "attributes": {
            "id": "/subscriptions/17f88bde-aca3-44d6-8b40-34800034bd33/resourceGroups/k8s-cluster-rg/providers/Microsoft.Network/networkInterfaces/k8s-cluster-nic-vm2|/subscriptions/17f88bde-aca3-44d6-8b40-34800034bd33/resourceGroups/k8s-cluster-rg/providers/Microsoft.Network/networkSecurityGroups/k8s-cluster-nsg",
            "network_interface_id": "/subscriptions/17f88bde-aca3-44d6-8b40-34800034bd33/resourceGroups/k8s-cluster-rg/providers/Microsoft.Network/networkInterfaces/k8s-cluster-nic-vm2",
            "network_security_group_id": "/subscriptions/17f88bde-aca3-44d6-8b40-34800034bd33/resourceGroups/k8s-cluster-rg/providers/Microsoft.Network/networkSecurityGroups/k8s-cluster-nsg",
            "timeouts": null
          },
          "sensitive_attributes": [],
          "private": "eyJlMmJmYjczMC1lY2FhLTExZTYtOGY4OC0zNDM2M2JjN2M0YzAiOnsiY3JlYXRlIjoxODAwMDAwMDAwMDAwLCJkZWxldGUiOjE4MDAwMDAwMDAwMDAsInJlYWQiOjMwMDAwMDAwMDAwMH19",
          "dependencies": [
            "azurerm_network_interface.nic",
            "azurerm_network_security_group.main",
            "azurerm_public_ip.vm",
            "azurerm_resource_group.main",
            "azurerm_subnet.main",
            "azurerm_virtual_network.main"
          ]
        }
      ]
    },
    {
      "mode": "managed",
      "type": "azurerm_network_security_group",
      "name": "main",
      "provider": "provider[\"registry.terraform.io/hashicorp/azurerm\"]",
      "instances": [
        {
          "schema_version": 0,
          "attributes": {
            "id": "/subscriptions/17f88bde-aca3-44d6-8b40-34800034bd33/resourceGroups/k8s-cluster-rg/providers/Microsoft.Network/networkSecurityGroups/k8s-cluster-nsg",
            "location": "italynorth",
            "name": "k8s-cluster-nsg",
            "resource_group_name": "k8s-cluster-rg",
            "security_rule": [
              {
                "access": "Allow",
                "description": "",
                "destination_address_prefix": "*",
                "destination_address_prefixes": [],
                "destination_application_security_group_ids": [],
                "destination_port_range": "*",
                "destination_port_ranges": [],
                "direction": "Inbound",
                "name": "allow-icmp",
                "priority": 200,
                "protocol": "Icmp",
                "source_address_prefix": "*",
                "source_address_prefixes": [],
                "source_application_security_group_ids": [],
                "source_port_range": "*",
                "source_port_ranges": []
              },
              {
                "access": "Allow",
                "description": "",
                "destination_address_prefix": "*",
                "destination_address_prefixes": [],
                "destination_application_security_group_ids": [],
                "destination_port_range": "*",
                "destination_port_ranges": [],
                "direction": "Inbound",
                "name": "allow-tcp-all",
                "priority": 300,
                "protocol": "Tcp",
                "source_address_prefix": "*",
                "source_address_prefixes": [],
                "source_application_security_group_ids": [],
                "source_port_range": "*",
                "source_port_ranges": []
              },
              {
                "access": "Allow",
                "description": "",
                "destination_address_prefix": "*",
                "destination_address_prefixes": [],
                "destination_application_security_group_ids": [],
                "destination_port_range": "6443",
                "destination_port_ranges": [],
                "direction": "Inbound",
                "name": "allow-tcp-k8s",
                "priority": 100,
                "protocol": "Tcp",
                "source_address_prefix": "*",
                "source_address_prefixes": [],
                "source_application_security_group_ids": [],
                "source_port_range": "*",
                "source_port_ranges": []
              }
            ],
            "tags": null,
            "timeouts": null
          },
          "sensitive_attributes": [],
          "private": "eyJlMmJmYjczMC1lY2FhLTExZTYtOGY4OC0zNDM2M2JjN2M0YzAiOnsiY3JlYXRlIjoxODAwMDAwMDAwMDAwLCJkZWxldGUiOjE4MDAwMDAwMDAwMDAsInJlYWQiOjMwMDAwMDAwMDAwMCwidXBkYXRlIjoxODAwMDAwMDAwMDAwfX0=",
          "dependencies": [
            "azurerm_resource_group.main"
          ]
        }
      ]
    },
    {
      "mode": "managed",
      "type": "azurerm_public_ip",
      "name": "vm",
      "provider": "provider[\"registry.terraform.io/hashicorp/azurerm\"]",
      "instances": [
        {
          "index_key": 0,
          "schema_version": 0,
          "attributes": {
            "allocation_method": "Static",
            "ddos_protection_mode": "VirtualNetworkInherited",
            "ddos_protection_plan_id": null,
            "domain_name_label": null,
            "edge_zone": "",
            "fqdn": null,
            "id": "/subscriptions/17f88bde-aca3-44d6-8b40-34800034bd33/resourceGroups/k8s-cluster-rg/providers/Microsoft.Network/publicIPAddresses/k8s-cluster-public-ip-vm1",
            "idle_timeout_in_minutes": 4,
            "ip_address": "172.213.152.202",
            "ip_tags": null,
            "ip_version": "IPv4",
            "location": "italynorth",
            "name": "k8s-cluster-public-ip-vm1",
            "public_ip_prefix_id": null,
            "resource_group_name": "k8s-cluster-rg",
            "reverse_fqdn": null,
            "sku": "Basic",
            "sku_tier": "Regional",
            "tags": null,
            "timeouts": null,
            "zones": null
          },
          "sensitive_attributes": [],
          "private": "eyJlMmJmYjczMC1lY2FhLTExZTYtOGY4OC0zNDM2M2JjN2M0YzAiOnsiY3JlYXRlIjoxODAwMDAwMDAwMDAwLCJkZWxldGUiOjE4MDAwMDAwMDAwMDAsInJlYWQiOjMwMDAwMDAwMDAwMCwidXBkYXRlIjoxODAwMDAwMDAwMDAwfX0=",
          "dependencies": [
            "azurerm_resource_group.main"
          ]
        },
        {
          "index_key": 1,
          "schema_version": 0,
          "attributes": {
            "allocation_method": "Static",
            "ddos_protection_mode": "VirtualNetworkInherited",
            "ddos_protection_plan_id": null,
            "domain_name_label": null,
            "edge_zone": "",
            "fqdn": null,
            "id": "/subscriptions/17f88bde-aca3-44d6-8b40-34800034bd33/resourceGroups/k8s-cluster-rg/providers/Microsoft.Network/publicIPAddresses/k8s-cluster-public-ip-vm2",
            "idle_timeout_in_minutes": 4,
            "ip_address": "172.213.152.182",
            "ip_tags": null,
            "ip_version": "IPv4",
            "location": "italynorth",
            "name": "k8s-cluster-public-ip-vm2",
            "public_ip_prefix_id": null,
            "resource_group_name": "k8s-cluster-rg",
            "reverse_fqdn": null,
            "sku": "Basic",
            "sku_tier": "Regional",
            "tags": null,
            "timeouts": null,
            "zones": null
          },
          "sensitive_attributes": [],
          "private": "eyJlMmJmYjczMC1lY2FhLTExZTYtOGY4OC0zNDM2M2JjN2M0YzAiOnsiY3JlYXRlIjoxODAwMDAwMDAwMDAwLCJkZWxldGUiOjE4MDAwMDAwMDAwMDAsInJlYWQiOjMwMDAwMDAwMDAwMCwidXBkYXRlIjoxODAwMDAwMDAwMDAwfX0=",
          "dependencies": [
            "azurerm_resource_group.main"
          ]
        }
      ]
    },
    {
      "mode": "managed",
      "type": "azurerm_resource_group",
      "name": "main",
      "provider": "provider[\"registry.terraform.io/hashicorp/azurerm\"]",
      "instances": [
        {
          "schema_version": 0,
          "attributes": {
            "id": "/subscriptions/17f88bde-aca3-44d6-8b40-34800034bd33/resourceGroups/k8s-cluster-rg",
            "location": "italynorth",
            "managed_by": "",
            "name": "k8s-cluster-rg",
            "tags": null,
            "timeouts": null
          },
          "sensitive_attributes": [],
          "private": "eyJlMmJmYjczMC1lY2FhLTExZTYtOGY4OC0zNDM2M2JjN2M0YzAiOnsiY3JlYXRlIjo1NDAwMDAwMDAwMDAwLCJkZWxldGUiOjU0MDAwMDAwMDAwMDAsInJlYWQiOjMwMDAwMDAwMDAwMCwidXBkYXRlIjo1NDAwMDAwMDAwMDAwfX0="
        }
      ]
    },
    {
      "mode": "managed",
      "type": "azurerm_subnet",
      "name": "main",
      "provider": "provider[\"registry.terraform.io/hashicorp/azurerm\"]",
      "instances": [
        {
          "schema_version": 0,
          "attributes": {
            "address_prefixes": [
              "10.0.1.0/24"
            ],
            "default_outbound_access_enabled": true,
            "delegation": [],
            "enforce_private_link_endpoint_network_policies": false,
            "enforce_private_link_service_network_policies": false,
            "id": "/subscriptions/17f88bde-aca3-44d6-8b40-34800034bd33/resourceGroups/k8s-cluster-rg/providers/Microsoft.Network/virtualNetworks/k8s-cluster-vnet/subnets/k8s-cluster-subnet",
            "name": "k8s-cluster-subnet",
            "private_endpoint_network_policies": "Enabled",
            "private_endpoint_network_policies_enabled": true,
            "private_link_service_network_policies_enabled": true,
            "resource_group_name": "k8s-cluster-rg",
            "service_endpoint_policy_ids": null,
            "service_endpoints": null,
            "timeouts": null,
            "virtual_network_name": "k8s-cluster-vnet"
          },
          "sensitive_attributes": [],
          "private": "eyJlMmJmYjczMC1lY2FhLTExZTYtOGY4OC0zNDM2M2JjN2M0YzAiOnsiY3JlYXRlIjoxODAwMDAwMDAwMDAwLCJkZWxldGUiOjE4MDAwMDAwMDAwMDAsInJlYWQiOjMwMDAwMDAwMDAwMCwidXBkYXRlIjoxODAwMDAwMDAwMDAwfX0=",
          "dependencies": [
            "azurerm_resource_group.main",
            "azurerm_virtual_network.main"
          ]
        }
      ]
    },
    {
      "mode": "managed",
      "type": "azurerm_virtual_network",
      "name": "main",
      "provider": "provider[\"registry.terraform.io/hashicorp/azurerm\"]",
      "instances": [
        {
          "schema_version": 0,
          "attributes": {
            "address_space": [
              "10.0.0.0/16"
            ],
            "bgp_community": "",
            "ddos_protection_plan": [],
            "dns_servers": [],
            "edge_zone": "",
            "encryption": [],
            "flow_timeout_in_minutes": 0,
            "guid": "5c8e192d-fd55-4c16-abcb-8c03c868cd60",
            "id": "/subscriptions/17f88bde-aca3-44d6-8b40-34800034bd33/resourceGroups/k8s-cluster-rg/providers/Microsoft.Network/virtualNetworks/k8s-cluster-vnet",
            "location": "italynorth",
            "name": "k8s-cluster-vnet",
            "resource_group_name": "k8s-cluster-rg",
            "subnet": [],
            "tags": null,
            "timeouts": null
          },
          "sensitive_attributes": [],
          "private": "eyJlMmJmYjczMC1lY2FhLTExZTYtOGY4OC0zNDM2M2JjN2M0YzAiOnsiY3JlYXRlIjoxODAwMDAwMDAwMDAwLCJkZWxldGUiOjE4MDAwMDAwMDAwMDAsInJlYWQiOjMwMDAwMDAwMDAwMCwidXBkYXRlIjoxODAwMDAwMDAwMDAwfX0=",
          "dependencies": [
            "azurerm_resource_group.main"
          ]
        }
      ]
    },
    {
      "mode": "managed",
      "type": "local_file",
      "name": "inventory",
      "provider": "provider[\"registry.terraform.io/hashicorp/local\"]",
      "instances": [
        {
          "schema_version": 0,
          "attributes": {
            "content": "[master]\nmaster ansible_host=172.213.152.202 ansible_user=adminuser ansible_ssh_private_key_file=~/.ssh/id_rsa\n[worker]\nworker ansible_host=172.213.152.182 ansible_user=adminuser ansible_ssh_private_key_file=~/.ssh/id_rsa",
            "content_base64": null,
            "content_base64sha256": "RN+2o6cNgN1FXVNUApgJS3JXIbamXTxRU773EuRWtiE=",
            "content_base64sha512": "LuwrAbQCKlpyIMYH+NjPzDxtL93yEmFe31z8Q5cW3GtsMMu0EX8mUcN6NBrxLdJjp1XmT7+mTyRpp2t24VKonQ==",
            "content_md5": "1d6cfdf2d4148fa446ebdde8a1fa5784",
            "content_sha1": "1a35a08b02eefe002d89b6b3f5c477bd76ea0200",
            "content_sha256": "44dfb6a3a70d80dd455d53540298094b725721b6a65d3c5153bef712e456b621",
            "content_sha512": "2eec2b01b4022a5a7220c607f8d8cfcc3c6d2fddf212615edf5cfc439716dc6b6c30cbb4117f2651c37a341af12dd263a755e64fbfa64f2469a76b76e152a89d",
            "directory_permission": "0777",
            "file_permission": "0777",
            "filename": "./inventory.ini",
            "id": "1a35a08b02eefe002d89b6b3f5c477bd76ea0200",
            "sensitive_content": null,
            "source": null
          },
          "sensitive_attributes": [
            [
              {
                "type": "get_attr",
                "value": "sensitive_content"
              }
            ]
          ],
          "dependencies": [
            "azurerm_linux_virtual_machine.vm",
            "azurerm_network_interface.nic",
            "azurerm_public_ip.vm",
            "azurerm_resource_group.main",
            "azurerm_subnet.main",
            "azurerm_virtual_network.main"
          ]
        }
      ]
    },
    {
      "mode": "managed",
      "type": "null_resource",
      "name": "aziz",
      "provider": "provider[\"registry.terraform.io/hashicorp/null\"]",
      "instances": [
        {
          "schema_version": 0,
          "attributes": {
            "id": "5590766534801013337",
            "triggers": null
          },
          "sensitive_attributes": [],
          "dependencies": [
            "azurerm_linux_virtual_machine.vm",
            "azurerm_network_interface.nic",
            "azurerm_public_ip.vm",
            "azurerm_resource_group.main",
            "azurerm_subnet.main",
            "azurerm_virtual_network.main"
          ]
        }
      ]
    }
  ],
  "check_results": null
}
